
Microsoft Visual Studio Solution File, Format Version 12.00
# Visual Studio Version 17
VisualStudioVersion = 17.14.36109.1
MinimumVisualStudioVersion = 10.0.40219.1
Project("{FAE04EC0-301F-11D3-BF4B-00C04F79EFBC}") = "ConfigFile", "ConfigFile\ConfigFile.csproj", "{483C91B9-908F-492A-8F48-83CFB6C060DD}"
EndProject
Project("{FAE04EC0-301F-11D3-BF4B-00C04F79EFBC}") = "AssemblySign", "AssemblySign\AssemblySign.csproj", "{9E0756ED-3417-49C0-AE92-E523141E21F2}"
EndProject
Project("{FAE04EC0-301F-11D3-BF4B-00C04F79EFBC}") = "List", "List\List.csproj", "{7A90BD77-35E6-4779-ADEE-5B5FB755EA89}"
EndProject
Project("{FAE04EC0-301F-11D3-BF4B-00C04F79EFBC}") = "PointForSIgn", "PointForSIgn\PointForSIgn.csproj", "{F2ABE43D-535B-4E4F-8E0E-73FFE8772C41}"
EndProject
Project("{FAE04EC0-301F-11D3-BF4B-00C04F79EFBC}") = "BuildEvents", "BuildEvents\BuildEvents.csproj", "{D0F4BADA-63F3-4F35-8336-4CE43C724BFE}"
EndProject
Project("{FAE04EC0-301F-11D3-BF4B-00C04F79EFBC}") = "ConditionalCompilation", "ConditionalCompilation\ConditionalCompilation.csproj", "{83455770-4C94-4877-A03E-37F77FB635BB}"
EndProject
Project("{FAE04EC0-301F-11D3-BF4B-00C04F79EFBC}") = "Excel", "Excel\Excel.csproj", "{036ABB52-BF4C-4299-844E-66104282F5AA}"
EndProject
Project("{FAE04EC0-301F-11D3-BF4B-00C04F79EFBC}") = "JsonCountries", "JsonCountries\JsonCountries.csproj", "{C6B2AD55-66EC-4873-8F4B-D572FA1D5395}"
EndProject
Project("{FAE04EC0-301F-11D3-BF4B-00C04F79EFBC}") = "VectorTask", "VectorTask\VectorTask.csproj", "{AB1536B0-E09D-4124-A715-96AF3A80E985}"
EndProject
Project("{FAE04EC0-301F-11D3-BF4B-00C04F79EFBC}") = "VectorTests", "VectorTests\VectorTests.csproj", "{A9CBB888-2811-4EE5-AD01-FB528BC043A8}"
EndProject
Project("{FAE04EC0-301F-11D3-BF4B-00C04F79EFBC}") = "LogTask", "LogTask\LogTask.csproj", "{D9194C6A-3953-43D0-A48A-F9A0516E0ECB}"
EndProject
Global
	GlobalSection(SolutionConfigurationPlatforms) = preSolution
		Debug|Any CPU = Debug|Any CPU
		Release|Any CPU = Release|Any CPU
	EndGlobalSection
	GlobalSection(ProjectConfigurationPlatforms) = postSolution
		{483C91B9-908F-492A-8F48-83CFB6C060DD}.Debug|Any CPU.ActiveCfg = Debug|Any CPU
		{483C91B9-908F-492A-8F48-83CFB6C060DD}.Debug|Any CPU.Build.0 = Debug|Any CPU
		{483C91B9-908F-492A-8F48-83CFB6C060DD}.Release|Any CPU.ActiveCfg = Release|Any CPU
		{483C91B9-908F-492A-8F48-83CFB6C060DD}.Release|Any CPU.Build.0 = Release|Any CPU
		{9E0756ED-3417-49C0-AE92-E523141E21F2}.Debug|Any CPU.ActiveCfg = Debug|Any CPU
		{9E0756ED-3417-49C0-AE92-E523141E21F2}.Debug|Any CPU.Build.0 = Debug|Any CPU
		{9E0756ED-3417-49C0-AE92-E523141E21F2}.Release|Any CPU.ActiveCfg = Release|Any CPU
		{9E0756ED-3417-49C0-AE92-E523141E21F2}.Release|Any CPU.Build.0 = Release|Any CPU
		{7A90BD77-35E6-4779-ADEE-5B5FB755EA89}.Debug|Any CPU.ActiveCfg = Debug|Any CPU
		{7A90BD77-35E6-4779-ADEE-5B5FB755EA89}.Debug|Any CPU.Build.0 = Debug|Any CPU
		{7A90BD77-35E6-4779-ADEE-5B5FB755EA89}.Release|Any CPU.ActiveCfg = Release|Any CPU
		{7A90BD77-35E6-4779-ADEE-5B5FB755EA89}.Release|Any CPU.Build.0 = Release|Any CPU
		{F2ABE43D-535B-4E4F-8E0E-73FFE8772C41}.Debug|Any CPU.ActiveCfg = Debug|Any CPU
		{F2ABE43D-535B-4E4F-8E0E-73FFE8772C41}.Debug|Any CPU.Build.0 = Debug|Any CPU
		{F2ABE43D-535B-4E4F-8E0E-73FFE8772C41}.Release|Any CPU.ActiveCfg = Release|Any CPU
		{F2ABE43D-535B-4E4F-8E0E-73FFE8772C41}.Release|Any CPU.Build.0 = Release|Any CPU
		{D0F4BADA-63F3-4F35-8336-4CE43C724BFE}.Debug|Any CPU.ActiveCfg = Debug|Any CPU
		{D0F4BADA-63F3-4F35-8336-4CE43C724BFE}.Debug|Any CPU.Build.0 = Debug|Any CPU
		{D0F4BADA-63F3-4F35-8336-4CE43C724BFE}.Release|Any CPU.ActiveCfg = Release|Any CPU
		{D0F4BADA-63F3-4F35-8336-4CE43C724BFE}.Release|Any CPU.Build.0 = Release|Any CPU
		{83455770-4C94-4877-A03E-37F77FB635BB}.Debug|Any CPU.ActiveCfg = Debug|Any CPU
		{83455770-4C94-4877-A03E-37F77FB635BB}.Debug|Any CPU.Build.0 = Debug|Any CPU
		{83455770-4C94-4877-A03E-37F77FB635BB}.Release|Any CPU.ActiveCfg = Release|Any CPU
		{83455770-4C94-4877-A03E-37F77FB635BB}.Release|Any CPU.Build.0 = Release|Any CPU
		{036ABB52-BF4C-4299-844E-66104282F5AA}.Debug|Any CPU.ActiveCfg = Debug|Any CPU
		{036ABB52-BF4C-4299-844E-66104282F5AA}.Debug|Any CPU.Build.0 = Debug|Any CPU
		{036ABB52-BF4C-4299-844E-66104282F5AA}.Release|Any CPU.ActiveCfg = Release|Any CPU
		{036ABB52-BF4C-4299-844E-66104282F5AA}.Release|Any CPU.Build.0 = Release|Any CPU
		{C6B2AD55-66EC-4873-8F4B-D572FA1D5395}.Debug|Any CPU.ActiveCfg = Debug|Any CPU
		{C6B2AD55-66EC-4873-8F4B-D572FA1D5395}.Debug|Any CPU.Build.0 = Debug|Any CPU
		{C6B2AD55-66EC-4873-8F4B-D572FA1D5395}.Release|Any CPU.ActiveCfg = Release|Any CPU
		{C6B2AD55-66EC-4873-8F4B-D572FA1D5395}.Release|Any CPU.Build.0 = Release|Any CPU
		{AB1536B0-E09D-4124-A715-96AF3A80E985}.Debug|Any CPU.ActiveCfg = Debug|Any CPU
		{AB1536B0-E09D-4124-A715-96AF3A80E985}.Debug|Any CPU.Build.0 = Debug|Any CPU
		{AB1536B0-E09D-4124-A715-96AF3A80E985}.Release|Any CPU.ActiveCfg = Release|Any CPU
		{AB1536B0-E09D-4124-A715-96AF3A80E985}.Release|Any CPU.Build.0 = Release|Any CPU
		{A9CBB888-2811-4EE5-AD01-FB528BC043A8}.Debug|Any CPU.ActiveCfg = Debug|Any CPU
		{A9CBB888-2811-4EE5-AD01-FB528BC043A8}.Debug|Any CPU.Build.0 = Debug|Any CPU
		{A9CBB888-2811-4EE5-AD01-FB528BC043A8}.Release|Any CPU.ActiveCfg = Release|Any CPU
		{A9CBB888-2811-4EE5-AD01-FB528BC043A8}.Release|Any CPU.Build.0 = Release|Any CPU
		{D9194C6A-3953-43D0-A48A-F9A0516E0ECB}.Debug|Any CPU.ActiveCfg = Debug|Any CPU
		{D9194C6A-3953-43D0-A48A-F9A0516E0ECB}.Debug|Any CPU.Build.0 = Debug|Any CPU
		{D9194C6A-3953-43D0-A48A-F9A0516E0ECB}.Release|Any CPU.ActiveCfg = Release|Any CPU
		{D9194C6A-3953-43D0-A48A-F9A0516E0ECB}.Release|Any CPU.Build.0 = Release|Any CPU
	EndGlobalSection
	GlobalSection(SolutionProperties) = preSolution
		HideSolutionNode = FALSE
	EndGlobalSection
	GlobalSection(ExtensibilityGlobals) = postSolution
		SolutionGuid = {4611B5EF-BD6D-4623-8CF0-84399E69E363}
	EndGlobalSection
EndGlobal
